
Microsoft Visual Studio Solution File, Format Version 12.00
# Visual Studio Express 2012 for Windows Desktop
Project("{FAE04EC0-301F-11D3-BF4B-00C04F79EFBC}") = "ZarinPal", "ZarinPal\ZarinPal.csproj", "{F6BF47F1-7145-4935-8C16-8F9E2605C627}"
EndProject
Global
	GlobalSection(SolutionConfigurationPlatforms) = preSolution
		Debug|Any CPU = Debug|Any CPU
		Debug|x64 = Debug|x64
		Release|Any CPU = Release|Any CPU
		Release|x64 = Release|x64
	EndGlobalSection
	GlobalSection(ProjectConfigurationPlatforms) = postSolution
		{F6BF47F1-7145-4935-8C16-8F9E2605C627}.Debug|Any CPU.ActiveCfg = Debug|Any CPU
		{F6BF47F1-7145-4935-8C16-8F9E2605C627}.Debug|Any CPU.Build.0 = Debug|Any CPU
		{F6BF47F1-7145-4935-8C16-8F9E2605C627}.Debug|x64.ActiveCfg = Debug|x64
		{F6BF47F1-7145-4935-8C16-8F9E2605C627}.Debug|x64.Build.0 = Debug|x64
		{F6BF47F1-7145-4935-8C16-8F9E2605C627}.Release|Any CPU.ActiveCfg = Release|Any CPU
		{F6BF47F1-7145-4935-8C16-8F9E2605C627}.Release|Any CPU.Build.0 = Release|Any CPU
		{F6BF47F1-7145-4935-8C16-8F9E2605C627}.Release|x64.ActiveCfg = Release|x64
		{F6BF47F1-7145-4935-8C16-8F9E2605C627}.Release|x64.Build.0 = Release|x64
		{F6BF47F1-7145-4935-8C16-8F9E2605C627}.Release|x64.Deploy.0 = Release|x64
	EndGlobalSection
	GlobalSection(SolutionProperties) = preSolution
		HideSolutionNode = FALSE
	EndGlobalSection
EndGlobal
